
Microsoft Visual Studio Solution File, Format Version 12.00
# Visual Studio Version 17
VisualStudioVersion = 17.0.31903.59
MinimumVisualStudioVersion = 10.0.40219.1
Project("{FAE04EC0-301F-11D3-BF4B-00C04F79EFBC}") = "AppointmentService", "AppointmentService\AppointmentService.csproj", "{ED1FE532-014D-45DE-8C11-21262C2E5545}"
EndProject
Project("{FAE04EC0-301F-11D3-BF4B-00C04F79EFBC}") = "QueueService", "QueueService\QueueService.csproj", "{D3525BD5-E197-4348-A689-D1FEDD885540}"
EndProject
Global
	GlobalSection(SolutionConfigurationPlatforms) = preSolution
		Debug|Any CPU = Debug|Any CPU
		Release|Any CPU = Release|Any CPU
	EndGlobalSection
	GlobalSection(SolutionProperties) = preSolution
		HideSolutionNode = FALSE
	EndGlobalSection
	GlobalSection(ProjectConfigurationPlatforms) = postSolution
		{ED1FE532-014D-45DE-8C11-21262C2E5545}.Debug|Any CPU.ActiveCfg = Debug|Any CPU
		{ED1FE532-014D-45DE-8C11-21262C2E5545}.Debug|Any CPU.Build.0 = Debug|Any CPU
		{ED1FE532-014D-45DE-8C11-21262C2E5545}.Release|Any CPU.ActiveCfg = Release|Any CPU
		{ED1FE532-014D-45DE-8C11-21262C2E5545}.Release|Any CPU.Build.0 = Release|Any CPU
		{D3525BD5-E197-4348-A689-D1FEDD885540}.Debug|Any CPU.ActiveCfg = Debug|Any CPU
		{D3525BD5-E197-4348-A689-D1FEDD885540}.Debug|Any CPU.Build.0 = Debug|Any CPU
		{D3525BD5-E197-4348-A689-D1FEDD885540}.Release|Any CPU.ActiveCfg = Release|Any CPU
		{D3525BD5-E197-4348-A689-D1FEDD885540}.Release|Any CPU.Build.0 = Release|Any CPU
	EndGlobalSection
EndGlobal
